
Microsoft Visual Studio Solution File, Format Version 12.00
# Visual Studio Version 16
VisualStudioVersion = 16.0.32126.315
MinimumVisualStudioVersion = 10.0.40219.1
Project("{FAE04EC0-301F-11D3-BF4B-00C04F79EFBC}") = "Ahram_Clinic", "Ahram_Clinic\Ahram_Clinic.csproj", "{3071A265-5FE4-4935-8220-ABA474405AAC}"
EndProject
Global
	GlobalSection(SolutionConfigurationPlatforms) = preSolution
		Debug|Any CPU = Debug|Any CPU
		Release|Any CPU = Release|Any CPU
	EndGlobalSection
	GlobalSection(ProjectConfigurationPlatforms) = postSolution
		{3071A265-5FE4-4935-8220-ABA474405AAC}.Debug|Any CPU.ActiveCfg = Debug|Any CPU
		{3071A265-5FE4-4935-8220-ABA474405AAC}.Debug|Any CPU.Build.0 = Debug|Any CPU
		{3071A265-5FE4-4935-8220-ABA474405AAC}.Release|Any CPU.ActiveCfg = Release|Any CPU
		{3071A265-5FE4-4935-8220-ABA474405AAC}.Release|Any CPU.Build.0 = Release|Any CPU
	EndGlobalSection
	GlobalSection(SolutionProperties) = preSolution
		HideSolutionNode = FALSE
	EndGlobalSection
	GlobalSection(ExtensibilityGlobals) = postSolution
		SolutionGuid = {0C371176-25B9-42C0-A87C-F9484F85E5F7}
	EndGlobalSection
EndGlobal
